
Microsoft Visual Studio Solution File, Format Version 12.00
# Visual Studio Version 16
VisualStudioVersion = 16.0.31005.135
MinimumVisualStudioVersion = 10.0.40219.1
Project("{9A19103F-16F7-4668-BE54-9A1E7A4F7556}") = "Snakecode", "Snakecode.csproj", "{3B21FD48-D9A6-4DA5-ABFA-B9921AFF883A}"
EndProject
Global
	GlobalSection(SolutionConfigurationPlatforms) = preSolution
		Debug|Any CPU = Debug|Any CPU
		Release|Any CPU = Release|Any CPU
	EndGlobalSection
	GlobalSection(ProjectConfigurationPlatforms) = postSolution
		{3B21FD48-D9A6-4DA5-ABFA-B9921AFF883A}.Debug|Any CPU.ActiveCfg = Debug|Any CPU
		{3B21FD48-D9A6-4DA5-ABFA-B9921AFF883A}.Debug|Any CPU.Build.0 = Debug|Any CPU
		{3B21FD48-D9A6-4DA5-ABFA-B9921AFF883A}.Release|Any CPU.ActiveCfg = Release|Any CPU
		{3B21FD48-D9A6-4DA5-ABFA-B9921AFF883A}.Release|Any CPU.Build.0 = Release|Any CPU
	EndGlobalSection
	GlobalSection(SolutionProperties) = preSolution
		HideSolutionNode = FALSE
	EndGlobalSection
	GlobalSection(ExtensibilityGlobals) = postSolution
		SolutionGuid = {14BD5AA3-8CE7-4BA9-85F7-2E383F3772C8}
	EndGlobalSection
EndGlobal
